#MicroXplorer Configuration settings - do not modify
ADC.ClockPrescaler=ADC_CLOCK_SYNC_PCLK_DIV4
ADC.IPParameters=NbrOfConversion,SelectedChannel,ClockPrescaler,Overrun,SamplingTimeCommon1,SamplingTimeCommon2
ADC.NbrOfConversion=1
ADC.Overrun=ADC_OVR_DATA_OVERWRITTEN
ADC.SamplingTimeCommon1=ADC_SAMPLETIME_160CYCLES_5
ADC.SamplingTimeCommon2=ADC_SAMPLETIME_160CYCLES_5
ADC.SelectedChannel=ADC_CHANNEL_TEMPSENSOR|ADC_CHANNEL_VREFINT
CAD.formats=
CAD.pinconfig=
CAD.provider=
Dma.Request0=USART1_TX
Dma.RequestsNb=1
Dma.USART1_TX.0.Direction=DMA_MEMORY_TO_PERIPH
Dma.USART1_TX.0.EventEnable=DISABLE
Dma.USART1_TX.0.Instance=DMA1_Channel1
Dma.USART1_TX.0.MemDataAlignment=DMA_MDATAALIGN_BYTE
Dma.USART1_TX.0.MemInc=DMA_MINC_ENABLE
Dma.USART1_TX.0.Mode=DMA_NORMAL
Dma.USART1_TX.0.PeriphDataAlignment=DMA_PDATAALIGN_BYTE
Dma.USART1_TX.0.PeriphInc=DMA_PINC_DISABLE
Dma.USART1_TX.0.Polarity=HAL_DMAMUX_REQ_GEN_RISING
Dma.USART1_TX.0.Priority=DMA_PRIORITY_LOW
Dma.USART1_TX.0.RequestNumber=1
Dma.USART1_TX.0.RequestParameters=Instance,Direction,PeriphInc,MemInc,PeriphDataAlignment,MemDataAlignment,Mode,Priority,SignalID,Polarity,RequestNumber,SyncSignalID,SyncPolarity,SyncEnable,EventEnable,SyncRequestNumber
Dma.USART1_TX.0.SignalID=NONE
Dma.USART1_TX.0.SyncEnable=DISABLE
Dma.USART1_TX.0.SyncPolarity=HAL_DMAMUX_SYNC_NO_EVENT
Dma.USART1_TX.0.SyncRequestNumber=1
Dma.USART1_TX.0.SyncSignalID=NONE
File.Version=6
GPIO.groupedBy=Group By Peripherals
IWDG.IPParameters=Prescaler,Reload,Window
IWDG.Prescaler=IWDG_PRESCALER_32
IWDG.Reload=4095
IWDG.Window=4095
KeepUserPlacement=false
Mcu.CPN=STM32WLE5JCI6TR
Mcu.Family=STM32WL
Mcu.IP0=ADC
Mcu.IP1=ADV_TRACE
Mcu.IP10=SUBGHZ_PHY
Mcu.IP11=SYS
Mcu.IP12=TIM16
Mcu.IP13=TIMER
Mcu.IP14=TINY_LPM
Mcu.IP15=USART1
Mcu.IP16=USART2
Mcu.IP2=DMA
Mcu.IP3=IWDG
Mcu.IP4=MISC
Mcu.IP5=NVIC
Mcu.IP6=RCC
Mcu.IP7=RTC
Mcu.IP8=SEQUENCER
Mcu.IP9=SUBGHZ
Mcu.IPNb=17
Mcu.Name=STM32WLE5JCIx
Mcu.Package=UFBGA73
Mcu.Pin0=PC14-OSC32_IN
Mcu.Pin1=PB7
Mcu.Pin10=PA2
Mcu.Pin11=PB10
Mcu.Pin12=PA4
Mcu.Pin13=PA5
Mcu.Pin14=VP_ADC_TempSens_Input
Mcu.Pin15=VP_ADC_Vref_Input
Mcu.Pin16=VP_ADV_TRACE_VS_ADV_TRACE
Mcu.Pin17=VP_IWDG_VS_IWDG
Mcu.Pin18=VP_MISC_VS_MISC
Mcu.Pin19=VP_RTC_VS_RTC_Activate
Mcu.Pin2=PC15-OSC32_OUT
Mcu.Pin20=VP_RTC_VS_RTC_Calendar
Mcu.Pin21=VP_RTC_VS_RTC_Alarm_A_Intern
Mcu.Pin22=VP_SEQUENCER_VS_SEQUENCER
Mcu.Pin23=VP_SUBGHZ_VS_SUBGHZ
Mcu.Pin24=VP_SUBGHZ_PHY_VS_SubGhzPhy
Mcu.Pin25=VP_SYS_VS_Systick
Mcu.Pin26=VP_TIM16_VS_ClockSourceINT
Mcu.Pin27=VP_TIMER_VS_TIMER
Mcu.Pin28=VP_TINY_LPM_VS_TINY_LPM
Mcu.Pin3=PB5
Mcu.Pin4=PB13
Mcu.Pin5=PB6
Mcu.Pin6=PA9
Mcu.Pin7=PB0-VDD_TCXO
Mcu.Pin8=OSC_IN
Mcu.Pin9=PA3
Mcu.PinsNb=29
Mcu.ThirdPartyNb=0
Mcu.UserConstants=RTC_PREDIV_A,((1<<(15-RTC_N_PREDIV_S))-1);RTC_N_PREDIV_S,10;RTC_PREDIV_S,((1<<RTC_N_PREDIV_S)-1)
Mcu.UserName=STM32WLE5JCIx
MxCube.Version=6.10.0
MxDb.Version=DB.6.0.100
NVIC.BusFault_IRQn=true\:0\:0\:false\:false\:true\:false\:false\:false
NVIC.DebugMonitor_IRQn=true\:0\:0\:false\:false\:true\:false\:false\:false
NVIC.ForceEnableDMAVector=false
NVIC.HardFault_IRQn=true\:0\:0\:false\:false\:true\:false\:false\:false
NVIC.MemoryManagement_IRQn=true\:0\:0\:false\:false\:true\:false\:false\:false
NVIC.NonMaskableInt_IRQn=true\:0\:0\:false\:false\:true\:false\:false\:false
NVIC.PendSV_IRQn=true\:0\:0\:false\:false\:true\:false\:false\:false
NVIC.PriorityGroup=NVIC_PRIORITYGROUP_4
NVIC.SUBGHZ_Radio_IRQn=true\:6\:0\:true\:false\:true\:true\:true\:true
NVIC.SVCall_IRQn=true\:0\:0\:false\:false\:true\:false\:false\:false
NVIC.SysTick_IRQn=true\:15\:0\:false\:false\:true\:false\:true\:false
NVIC.USART2_IRQn=true\:0\:0\:false\:false\:true\:true\:true\:true
NVIC.UsageFault_IRQn=true\:0\:0\:false\:false\:true\:false\:false\:false
OSC_IN.Mode=HSE-TCXO
OSC_IN.Signal=RCC_OSC_IN
PA2.Mode=Asynchronous
PA2.Signal=USART2_TX
PA3.Mode=Asynchronous
PA3.Signal=USART2_RX
PA4.GPIOParameters=GPIO_Speed,GPIO_Label
PA4.GPIO_Label=RF_SW_CTRL1
PA4.GPIO_Speed=GPIO_SPEED_FREQ_VERY_HIGH
PA4.Locked=true
PA4.Signal=GPIO_Output
PA5.GPIOParameters=GPIO_Speed,GPIO_Label
PA5.GPIO_Label=RF_SW_CTRL2
PA5.GPIO_Speed=GPIO_SPEED_FREQ_VERY_HIGH
PA5.Locked=true
PA5.Signal=GPIO_Output
PA9.GPIOParameters=GPIO_Speed,PinState,GPIO_Label
PA9.GPIO_Label=ENABLE_3V
PA9.GPIO_Speed=GPIO_SPEED_FREQ_LOW
PA9.Locked=true
PA9.PinState=GPIO_PIN_SET
PA9.Signal=GPIO_Output
PB0-VDD_TCXO.Mode=HSE-TCXO
PB0-VDD_TCXO.Signal=VDDTCXO
PB10.GPIOParameters=PinState,GPIO_PuPd,GPIO_Label
PB10.GPIO_Label=LED_OUT
PB10.GPIO_PuPd=GPIO_PULLUP
PB10.Locked=true
PB10.PinState=GPIO_PIN_SET
PB10.Signal=GPIO_Output
PB13.GPIOParameters=GPIO_PuPd,GPIO_Label
PB13.GPIO_Label=ACTION_BUTTON
PB13.GPIO_PuPd=GPIO_PULLUP
PB13.Locked=true
PB13.Signal=GPXTI13
PB5.GPIOParameters=PinState,GPIO_Label
PB5.GPIO_Label=ENABLE_PWR_LED
PB5.Locked=true
PB5.PinState=GPIO_PIN_RESET
PB5.Signal=GPIO_Output
PB6.GPIOParameters=GPIO_PuPd,GPIO_Label
PB6.GPIO_Label=GPRS_TX
PB6.GPIO_PuPd=GPIO_PULLUP
PB6.Mode=Asynchronous
PB6.Signal=USART1_TX
PB7.GPIOParameters=GPIO_PuPd,GPIO_Label
PB7.GPIO_Label=GPRS_RX
PB7.GPIO_PuPd=GPIO_PULLUP
PB7.Mode=Asynchronous
PB7.Signal=USART1_RX
PC14-OSC32_IN.Mode=LSE-External-Oscillator
PC14-OSC32_IN.Signal=RCC_OSC32_IN
PC15-OSC32_OUT.Mode=LSE-External-Oscillator
PC15-OSC32_OUT.Signal=RCC_OSC32_OUT
PCC.SUBGHZ.FrequencyBand=High
PCC.SUBGHZ.Modulation=FSK
PCC.SUBGHZ.OptionalSettings=false
PCC.SUBGHZ.Output.Power=14
PCC.SUBGHZ.PowerAmplifier=Low Power
PCC.SUBGHZ.RxBoosted=false
PCC.SUBGHZ.SMPS=Off
PinOutPanel.CurrentBGAView=Top
PinOutPanel.RotationAngle=0
ProjectManager.AskForMigrate=true
ProjectManager.BackupPrevious=false
ProjectManager.CompilerOptimize=6
ProjectManager.ComputerToolchain=false
ProjectManager.CoupleFile=true
ProjectManager.CustomerFirmwarePackage=
ProjectManager.DefaultFWLocation=true
ProjectManager.DeletePrevious=true
ProjectManager.DeviceId=STM32WLE5JCIx
ProjectManager.FirmwarePackage=STM32Cube FW_WL V1.3.0
ProjectManager.FreePins=false
ProjectManager.HalAssertFull=false
ProjectManager.HeapSize=0x200
ProjectManager.KeepUserCode=true
ProjectManager.LastFirmware=true
ProjectManager.LibraryCopy=0
ProjectManager.MainLocation=Core/Src
ProjectManager.NoMain=false
ProjectManager.PreviousToolchain=
ProjectManager.ProjectBuild=false
ProjectManager.ProjectFileName=E5_Borad_Test.ioc
ProjectManager.ProjectName=E5_Borad_Test
ProjectManager.ProjectStructure=
ProjectManager.RegisterCallBack=
ProjectManager.StackSize=0x400
ProjectManager.TargetToolchain=Makefile
ProjectManager.ToolChainLocation=
ProjectManager.UAScriptAfterPath=runPostGenScript.bat
ProjectManager.UAScriptBeforePath=
ProjectManager.UnderRoot=false
ProjectManager.functionlistsort=1-SystemClock_Config-RCC-false-HAL-false,2-MX_GPIO_Init-GPIO-false-HAL-true,3-MX_DMA_Init-DMA-false-HAL-true,4-MX_USART1_UART_Init-USART1-false-HAL-true,5-MX_SUBGHZ_Init-SUBGHZ-true-HAL-false,6-MX_RTC_Init-RTC-false-HAL-true,7-MX_SubGHz_Phy_Init-SUBGHZ_PHY-false-HAL-false,8-MX_USART2_UART_Init-USART2-false-HAL-true,9-MX_ADC_Init-ADC-false-HAL-true,10-MX_TIM16_Init-TIM16-false-HAL-true,11-MX_IWDG_Init-IWDG-true-HAL-true
RCC.AHBFreq_Value=32000000
RCC.APB1Freq_Value=32000000
RCC.APB1TimFreq_Value=32000000
RCC.APB2Freq_Value=32000000
RCC.APB2TimFreq_Value=32000000
RCC.APB3Freq_Value=32000000
RCC.CortexFreq_Value=32000000
RCC.FCLKCortexFreq_Value=32000000
RCC.FamilyName=M
RCC.HCLK3Freq_Value=32000000
RCC.HCLKFreq_Value=32000000
RCC.HSE_VALUE=32000000
RCC.HSI_VALUE=16000000
RCC.I2C1Freq_Value=32000000
RCC.I2C2Freq_Value=32000000
RCC.I2C3Freq_Value=32000000
RCC.I2S2Freq_Value=16000000
RCC.IPParameters=AHBFreq_Value,APB1Freq_Value,APB1TimFreq_Value,APB2Freq_Value,APB2TimFreq_Value,APB3Freq_Value,CortexFreq_Value,FCLKCortexFreq_Value,FamilyName,HCLK3Freq_Value,HCLKFreq_Value,HSE_VALUE,HSI_VALUE,I2C1Freq_Value,I2C2Freq_Value,I2C3Freq_Value,I2S2Freq_Value,LPTIM1Freq_Value,LPTIM2Freq_Value,LPTIM3Freq_Value,LPUART1Freq_Value,LSCOPinFreq_Value,LSE_VALUE,MCO1PinFreq_Value,PLLPoutputFreq_Value,PLLQoutputFreq_Value,PLLRCLKFreq_Value,PLLSourceVirtual,PWRFreq_Value,RNGFreq_Value,RTCClockSelection,RTCFreq_Value,SYSCLKFreq_VALUE,SYSCLKSource,USART1Freq_Value,USART2Freq_Value,VCOInputFreq_Value,VCOOutputFreq_Value
RCC.LPTIM1Freq_Value=32000000
RCC.LPTIM2Freq_Value=32000000
RCC.LPTIM3Freq_Value=32000000
RCC.LPUART1Freq_Value=32000000
RCC.LSCOPinFreq_Value=32000
RCC.LSE_VALUE=32768
RCC.MCO1PinFreq_Value=32000000
RCC.PLLPoutputFreq_Value=128000000
RCC.PLLQoutputFreq_Value=128000000
RCC.PLLRCLKFreq_Value=128000000
RCC.PLLSourceVirtual=RCC_PLLSOURCE_HSE
RCC.PWRFreq_Value=32000000
RCC.RNGFreq_Value=32000
RCC.RTCClockSelection=RCC_RTCCLKSOURCE_HSE_DIV32
RCC.RTCFreq_Value=1000000
RCC.SYSCLKFreq_VALUE=32000000
RCC.SYSCLKSource=RCC_SYSCLKSOURCE_HSE
RCC.USART1Freq_Value=32000000
RCC.USART2Freq_Value=32000000
RCC.VCOInputFreq_Value=32000000
RCC.VCOOutputFreq_Value=256000000
RTC.Alarm-Alarm\ A=RTC_ALARM_A
RTC.IPParameters=Alarm-Alarm A
SH.GPXTI13.0=GPIO_EXTI13
SH.GPXTI13.ConfNb=1
SUBGHZ.BaudratePrescaler=SUBGHZSPI_BAUDRATEPRESCALER_4
SUBGHZ.IPParameters=BaudratePrescaler
SUBGHZ_PHY.APP_LOG_ENABLED=true
SUBGHZ_PHY.Activate_RADIO_BOARD_INTERFACE=Bsp
SUBGHZ_PHY.IPParameters=SUBGHZ_APPLICATION,LOW_POWER_DISABLE,APP_LOG_ENABLED,LORA_FIX_LENGTH_PAYLOAD_ON,Activate_RADIO_BOARD_INTERFACE,RF_FREQUENCY
SUBGHZ_PHY.LORA_FIX_LENGTH_PAYLOAD_ON=true
SUBGHZ_PHY.LOW_POWER_DISABLE=true
SUBGHZ_PHY.RF_FREQUENCY=868000000
SUBGHZ_PHY.SUBGHZ_APPLICATION=SUBGHZ_ADV_APPLICATION
SubGHz_Phy.BSP.number=2
SubGHz_Phy0.BSP.STBoard=false
SubGHz_Phy0.BSP.api=Unknown
SubGHz_Phy0.BSP.component=
SubGHz_Phy0.BSP.condition=\!SEM_SUBGHZ_USER_APPLICATION | SEM_SUBGHZ_USE_RTC
SubGHz_Phy0.BSP.instance=RTC
SubGHz_Phy0.BSP.ip=RTC
SubGHz_Phy0.BSP.mode=RTC Enabled
SubGHz_Phy0.BSP.name=RTC
SubGHz_Phy0.BSP.semaphore=
SubGHz_Phy0.BSP.solution=RTC
SubGHz_Phy1.BSP.STBoard=false
SubGHz_Phy1.BSP.api=Unknown
SubGHz_Phy1.BSP.component=
SubGHz_Phy1.BSP.condition=\!SEM_SUBGHZ_USER_APPLICATION | SEM_SUBGHZ_USE_UART
SubGHz_Phy1.BSP.instance=USART1
SubGHz_Phy1.BSP.ip=(LPU|US)ART
SubGHz_Phy1.BSP.mode=Asynchronous
SubGHz_Phy1.BSP.name=USART
SubGHz_Phy1.BSP.semaphore=
SubGHz_Phy1.BSP.solution=USART1
TIM16.IPParameters=Prescaler
TIM16.Prescaler=32000-1
USART1.BaudRate=57600
USART1.IPParameters=VirtualMode-Asynchronous,BaudRate
USART1.VirtualMode-Asynchronous=VM_ASYNC
USART2.BaudRate=57600
USART2.IPParameters=VirtualMode-Asynchronous,BaudRate
USART2.VirtualMode-Asynchronous=VM_ASYNC
VP_ADC_TempSens_Input.Mode=IN-TempSens
VP_ADC_TempSens_Input.Signal=ADC_TempSens_Input
VP_ADC_Vref_Input.Mode=IN-Vrefint
VP_ADC_Vref_Input.Signal=ADC_Vref_Input
VP_ADV_TRACE_VS_ADV_TRACE.Mode=ADV_TRACE_Enabled
VP_ADV_TRACE_VS_ADV_TRACE.Signal=ADV_TRACE_VS_ADV_TRACE
VP_IWDG_VS_IWDG.Mode=IWDG_Activate
VP_IWDG_VS_IWDG.Signal=IWDG_VS_IWDG
VP_MISC_VS_MISC.Mode=MISC_Enabled
VP_MISC_VS_MISC.Signal=MISC_VS_MISC
VP_RTC_VS_RTC_Activate.Mode=RTC_Enabled
VP_RTC_VS_RTC_Activate.Signal=RTC_VS_RTC_Activate
VP_RTC_VS_RTC_Alarm_A_Intern.Mode=Alarm A
VP_RTC_VS_RTC_Alarm_A_Intern.Signal=RTC_VS_RTC_Alarm_A_Intern
VP_RTC_VS_RTC_Calendar.Mode=RTC_Calendar
VP_RTC_VS_RTC_Calendar.Signal=RTC_VS_RTC_Calendar
VP_SEQUENCER_VS_SEQUENCER.Mode=SEQUENCER_Enabled
VP_SEQUENCER_VS_SEQUENCER.Signal=SEQUENCER_VS_SEQUENCER
VP_SUBGHZ_PHY_VS_SubGhzPhy.Mode=SubGhzPhy_Enabled
VP_SUBGHZ_PHY_VS_SubGhzPhy.Signal=SUBGHZ_PHY_VS_SubGhzPhy
VP_SUBGHZ_VS_SUBGHZ.Mode=SUBGHZ_Activate
VP_SUBGHZ_VS_SUBGHZ.Signal=SUBGHZ_VS_SUBGHZ
VP_SYS_VS_Systick.Mode=SysTick
VP_SYS_VS_Systick.Signal=SYS_VS_Systick
VP_TIM16_VS_ClockSourceINT.Mode=Enable_Timer
VP_TIM16_VS_ClockSourceINT.Signal=TIM16_VS_ClockSourceINT
VP_TIMER_VS_TIMER.Mode=TIMER_Enabled
VP_TIMER_VS_TIMER.Signal=TIMER_VS_TIMER
VP_TINY_LPM_VS_TINY_LPM.Mode=TINY_LPM_Enabled
VP_TINY_LPM_VS_TINY_LPM.Signal=TINY_LPM_VS_TINY_LPM
board=custom
